
Microsoft Visual Studio Solution File, Format Version 12.00
# Visual Studio Version 16
VisualStudioVersion = 16.0.29409.12
MinimumVisualStudioVersion = 10.0.40219.1
Project("{FAE04EC0-301F-11D3-BF4B-00C04F79EFBC}") = "UI", "UI\UI.csproj", "{D02863A8-804F-429B-8961-7B4A0909FAF4}"
EndProject
Project("{FAE04EC0-301F-11D3-BF4B-00C04F79EFBC}") = "Modelo", "Modelo\Modelo.csproj", "{FABE85C9-007A-4A55-9ABD-8212B8C783B7}"
EndProject
Project("{FAE04EC0-301F-11D3-BF4B-00C04F79EFBC}") = "ConsolaApp", "ConsolaApp\ConsolaApp.csproj", "{3A8133E0-D12E-40B8-A4A8-B0C613CB4DFE}"
EndProject
Project("{FAE04EC0-301F-11D3-BF4B-00C04F79EFBC}") = "Configuracion", "Configuracion\Configuracion.csproj", "{BFE864F9-56E7-40A6-840C-7BC3ED9C7824}"
EndProject
Project("{54435603-DBB4-11D2-8724-00A0C9A8B90C}") = "Installer", "Installer\Installer.vdproj", "{C59C062B-8143-4CDB-971A-8D70D0824A5D}"
EndProject
Global
	GlobalSection(SolutionConfigurationPlatforms) = preSolution
		Debug|Any CPU = Debug|Any CPU
		Release|Any CPU = Release|Any CPU
	EndGlobalSection
	GlobalSection(ProjectConfigurationPlatforms) = postSolution
		{D02863A8-804F-429B-8961-7B4A0909FAF4}.Debug|Any CPU.ActiveCfg = Debug|Any CPU
		{D02863A8-804F-429B-8961-7B4A0909FAF4}.Debug|Any CPU.Build.0 = Debug|Any CPU
		{D02863A8-804F-429B-8961-7B4A0909FAF4}.Release|Any CPU.ActiveCfg = Release|Any CPU
		{D02863A8-804F-429B-8961-7B4A0909FAF4}.Release|Any CPU.Build.0 = Release|Any CPU
		{FABE85C9-007A-4A55-9ABD-8212B8C783B7}.Debug|Any CPU.ActiveCfg = Debug|Any CPU
		{FABE85C9-007A-4A55-9ABD-8212B8C783B7}.Debug|Any CPU.Build.0 = Debug|Any CPU
		{FABE85C9-007A-4A55-9ABD-8212B8C783B7}.Release|Any CPU.ActiveCfg = Release|Any CPU
		{FABE85C9-007A-4A55-9ABD-8212B8C783B7}.Release|Any CPU.Build.0 = Release|Any CPU
		{3A8133E0-D12E-40B8-A4A8-B0C613CB4DFE}.Debug|Any CPU.ActiveCfg = Debug|Any CPU
		{3A8133E0-D12E-40B8-A4A8-B0C613CB4DFE}.Debug|Any CPU.Build.0 = Debug|Any CPU
		{3A8133E0-D12E-40B8-A4A8-B0C613CB4DFE}.Release|Any CPU.ActiveCfg = Release|Any CPU
		{3A8133E0-D12E-40B8-A4A8-B0C613CB4DFE}.Release|Any CPU.Build.0 = Release|Any CPU
		{BFE864F9-56E7-40A6-840C-7BC3ED9C7824}.Debug|Any CPU.ActiveCfg = Debug|Any CPU
		{BFE864F9-56E7-40A6-840C-7BC3ED9C7824}.Debug|Any CPU.Build.0 = Debug|Any CPU
		{BFE864F9-56E7-40A6-840C-7BC3ED9C7824}.Release|Any CPU.ActiveCfg = Release|Any CPU
		{BFE864F9-56E7-40A6-840C-7BC3ED9C7824}.Release|Any CPU.Build.0 = Release|Any CPU
		{C59C062B-8143-4CDB-971A-8D70D0824A5D}.Debug|Any CPU.ActiveCfg = Release
		{C59C062B-8143-4CDB-971A-8D70D0824A5D}.Release|Any CPU.ActiveCfg = Release
	EndGlobalSection
	GlobalSection(SolutionProperties) = preSolution
		HideSolutionNode = FALSE
	EndGlobalSection
	GlobalSection(ExtensibilityGlobals) = postSolution
		SolutionGuid = {244B1978-A2CE-4073-9119-82B4E8E60C2F}
	EndGlobalSection
EndGlobal
